// !$*UTF8*$!
{
	archiveVersion = 1;
	classes = {
	};
	objectVersion = 50;
	objects = {

/* Begin PBXBuildFile section */
		E68247CC24C3B3DE0033273C /* AppDelegate.swift in Sources */ = {isa = PBXBuildFile; fileRef = E68247CB24C3B3DE0033273C /* AppDelegate.swift */; };
		E68247CE24C3B3DE0033273C /* SceneDelegate.swift in Sources */ = {isa = PBXBuildFile; fileRef = E68247CD24C3B3DE0033273C /* SceneDelegate.swift */; };
		E68247D024C3B3DE0033273C /* ContentView.swift in Sources */ = {isa = PBXBuildFile; fileRef = E68247CF24C3B3DE0033273C /* ContentView.swift */; };
		E68247D224C3B3E20033273C /* Assets.xcassets in Resources */ = {isa = PBXBuildFile; fileRef = E68247D124C3B3E20033273C /* Assets.xcassets */; };
		E68247D524C3B3E20033273C /* Preview Assets.xcassets in Resources */ = {isa = PBXBuildFile; fileRef = E68247D424C3B3E20033273C /* Preview Assets.xcassets */; };
		E68247D824C3B3E20033273C /* LaunchScreen.storyboard in Resources */ = {isa = PBXBuildFile; fileRef = E68247D624C3B3E20033273C /* LaunchScreen.storyboard */; };
/* End PBXBuildFile section */

/* Begin PBXFileReference section */
		E68247C824C3B3DE0033273C /* Lucid Dreams.app */ = {isa = PBXFileReference; explicitFileType = wrapper.application; includeInIndex = 0; path = "Lucid Dreams.app"; sourceTree = BUILT_PRODUCTS_DIR; };
		E68247CB24C3B3DE0033273C /* AppDelegate.swift */ = {isa = PBXFileReference; lastKnownFileType = sourcecode.swift; path = AppDelegate.swift; sourceTree = "<group>"; };
		E68247CD24C3B3DE0033273C /* SceneDelegate.swift */ = {isa = PBXFileReference; lastKnownFileType = sourcecode.swift; path = SceneDelegate.swift; sourceTree = "<group>"; };
		E68247CF24C3B3DE0033273C /* ContentView.swift */ = {isa = PBXFileReference; lastKnownFileType = sourcecode.swift; path = ContentView.swift; sourceTree = "<group>"; };
		E68247D124C3B3E20033273C /* Assets.xcassets */ = {isa = PBXFileReference; lastKnownFileType = folder.assetcatalog; path = Assets.xcassets; sourceTree = "<group>"; };
		E68247D424C3B3E20033273C /* Preview Assets.xcassets */ = {isa = PBXFileReference; lastKnownFileType = folder.assetcatalog; path = "Preview Assets.xcassets"; sourceTree = "<group>"; };
		E68247D724C3B3E20033273C /* Base */ = {isa = PBXFileReference; lastKnownFileType = file.storyboard; name = Base; path = Base.lproj/LaunchScreen.storyboard; sourceTree = "<group>"; };
		E68247D924C3B3E20033273C /* Info.plist */ = {isa = PBXFileReference; lastKnownFileType = text.plist.xml; path = Info.plist; sourceTree = "<group>"; };
/* End PBXFileReference section */

/* Begin PBXFrameworksBuildPhase section */
		E68247C524C3B3DE0033273C /* Frameworks */ = {
			isa = PBXFrameworksBuildPhase;
			buildActionMask = 2147483647;
			files = (
			);
			runOnlyForDeploymentPostprocessing = 0;
		};
/* End PBXFrameworksBuildPhase section */

/* Begin PBXGroup section */
		E68247BF24C3B3DE0033273C = {
			isa = PBXGroup;
			children = (
				E68247CA24C3B3DE0033273C /* Lucid Dreams */,
				E68247C924C3B3DE0033273C /* Products */,
			);
			sourceTree = "<group>";
		};
		E68247C924C3B3DE0033273C /* Products */ = {
			isa = PBXGroup;
			children = (
				E68247C824C3B3DE0033273C /* Lucid Dreams.app */,
			);
			name = Products;
			sourceTree = "<group>";
		};
		E68247CA24C3B3DE0033273C /* Lucid Dreams */ = {
			isa = PBXGroup;
			children = (
				E68247CB24C3B3DE0033273C /* AppDelegate.swift */,
				E68247CD24C3B3DE0033273C /* SceneDelegate.swift */,
				E68247CF24C3B3DE0033273C /* ContentView.swift */,
				E68247D124C3B3E20033273C /* Assets.xcassets */,
				E68247D624C3B3E20033273C /* LaunchScreen.storyboard */,
				E68247D924C3B3E20033273C /* Info.plist */,
				E68247D324C3B3E20033273C /* Preview Content */,
			);
			path = "Lucid Dreams";
			sourceTree = "<group>";
		};
		E68247D324C3B3E20033273C /* Preview Content */ = {
			isa = PBXGroup;
			children = (
				E68247D424C3B3E20033273C /* Preview Assets.xcassets */,
			);
			path = "Preview Content";
			sourceTree = "<group>";
		};
/* End PBXGroup section */

/* Begin PBXNativeTarget section */
		E68247C724C3B3DE0033273C /* Lucid Dreams */ = {
			isa = PBXNativeTarget;
			buildConfigurationList = E68247DC24C3B3E20033273C /* Build configuration list for PBXNativeTarget "Lucid Dreams" */;
			buildPhases = (
				E68247C424C3B3DE0033273C /* Sources */,
				E68247C524C3B3DE0033273C /* Frameworks */,
				E68247C624C3B3DE0033273C /* Resources */,
			);
			buildRules = (
			);
			dependencies = (
			);
			name = "Lucid Dreams";
			productName = "Lucid Dreams";
			productReference = E68247C824C3B3DE0033273C /* Lucid Dreams.app */;
			productType = "com.apple.product-type.application";
		};
/* End PBXNativeTarget section */

/* Begin PBXProject section */
		E68247C024C3B3DE0033273C /* Project object */ = {
			isa = PBXProject;
			attributes = {
				LastSwiftUpdateCheck = 1150;
				LastUpgradeCheck = 1150;
				ORGANIZATIONNAME = "Santiago Yeomans";
				TargetAttributes = {
					E68247C724C3B3DE0033273C = {
						CreatedOnToolsVersion = 11.5;
					};
				};
			};
			buildConfigurationList = E68247C324C3B3DE0033273C /* Build configuration list for PBXProject "Lucid Dreams" */;
			compatibilityVersion = "Xcode 9.3";
			developmentRegion = en;
			hasScannedForEncodings = 0;
			knownRegions = (
				en,
				Base,
			);
			mainGroup = E68247BF24C3B3DE0033273C;
			productRefGroup = E68247C924C3B3DE0033273C /* Products */;
			projectDirPath = "";
			projectRoot = "";
			targets = (
				E68247C724C3B3DE0033273C /* Lucid Dreams */,
			);
		};
/* End PBXProject section */

/* Begin PBXResourcesBuildPhase section */
		E68247C624C3B3DE0033273C /* Resources */ = {
			isa = PBXResourcesBuildPhase;
			buildActionMask = 2147483647;
			files = (
				E68247D824C3B3E20033273C /* LaunchScreen.storyboard in Resources */,
				E68247D524C3B3E20033273C /* Preview Assets.xcassets in Resources */,
				E68247D224C3B3E20033273C /* Assets.xcassets in Resources */,
			);
			runOnlyForDeploymentPostprocessing = 0;
		};
/* End PBXResourcesBuildPhase section */

/* Begin PBXSourcesBuildPhase section */
		E68247C424C3B3DE0033273C /* Sources */ = {
			isa = PBXSourcesBuildPhase;
			buildActionMask = 2147483647;
			files = (
				E68247CC24C3B3DE0033273C /* AppDelegate.swift in Sources */,
				E68247CE24C3B3DE0033273C /* SceneDelegate.swift in Sources */,
				E68247D024C3B3DE0033273C /* ContentView.swift in Sources */,
			);
			runOnlyForDeploymentPostprocessing = 0;
		};
/* End PBXSourcesBuildPhase section */

/* Begin PBXVariantGroup section */
		E68247D624C3B3E20033273C /* LaunchScreen.storyboard */ = {
			isa = PBXVariantGroup;
			children = (
				E68247D724C3B3E20033273C /* Base */,
			);
			name = LaunchScreen.storyboard;
			sourceTree = "<group>";
		};
/* End PBXVariantGroup section */

/* Begin XCBuildConfiguration section */
		E68247DA24C3B3E20033273C /* Debug */ = {
			isa = XCBuildConfiguration;
			buildSettings = {
				ALWAYS_SEARCH_USER_PATHS = NO;
				CLANG_ANALYZER_NONNULL = YES;
				CLANG_ANALYZER_NUMBER_OBJECT_CONVERSION = YES_AGGRESSIVE;
				CLANG_CXX_LANGUAGE_STANDARD = "gnu++14";
				CLANG_CXX_LIBRARY = "libc++";
				CLANG_ENABLE_MODULES = YES;
				CLANG_ENABLE_OBJC_ARC = YES;
				CLANG_ENABLE_OBJC_WEAK = YES;
				CLANG_WARN_BLOCK_CAPTURE_AUTORELEASING = YES;
				CLANG_WARN_BOOL_CONVERSION = YES;
				CLANG_WARN_COMMA = YES;
				CLANG_WARN_CONSTANT_CONVERSION = YES;
				CLANG_WARN_DEPRECATED_OBJC_IMPLEMENTATIONS = YES;
				CLANG_WARN_DIRECT_OBJC_ISA_USAGE = YES_ERROR;
				CLANG_WARN_DOCUMENTATION_COMMENTS = YES;
				CLANG_WARN_EMPTY_BODY = YES;
				CLANG_WARN_ENUM_CONVERSION = YES;
				CLANG_WARN_INFINITE_RECURSION = YES;
				CLANG_WARN_INT_CONVERSION = YES;
				CLANG_WARN_NON_LITERAL_NULL_CONVERSION = YES;
				CLANG_WARN_OBJC_IMPLICIT_RETAIN_SELF = YES;
				CLANG_WARN_OBJC_LITERAL_CONVERSION = YES;
				CLANG_WARN_OBJC_ROOT_CLASS = YES_ERROR;
				CLANG_WARN_RANGE_LOOP_ANALYSIS = YES;
				CLANG_WARN_STRICT_PROTOTYPES = YES;
				CLANG_WARN_SUSPICIOUS_MOVE = YES;
				CLANG_WARN_UNGUARDED_AVAILABILITY = YES_AGGRESSIVE;
				CLANG_WARN_UNREACHABLE_CODE = YES;
				CLANG_WARN__DUPLICATE_METHOD_MATCH = YES;
				COPY_PHASE_STRIP = NO;
				DEBUG_INFORMATION_FORMAT = dwarf;
				ENABLE_STRICT_OBJC_MSGSEND = YES;
				ENABLE_TESTABILITY = YES;
				GCC_C_LANGUAGE_STANDARD = gnu11;
				GCC_DYNAMIC_NO_PIC = NO;
				GCC_NO_COMMON_BLOCKS = YES;
				GCC_OPTIMIZATION_LEVEL = 0;
				GCC_PREPROCESSOR_DEFINITIONS = (
					"DEBUG=1",
					"$(inherited)",
				);
				GCC_WARN_64_TO_32_BIT_CONVERSION = YES;
				GCC_WARN_ABOUT_RETURN_TYPE = YES_ERROR;
				GCC_WARN_UNDECLARED_SELECTOR = YES;
				GCC_WARN_UNINITIALIZED_AUTOS = YES_AGGRESSIVE;
				GCC_WARN_UNUSED_FUNCTION = YES;
				GCC_WARN_UNUSED_VARIABLE = YES;
				IPHONEOS_DEPLOYMENT_TARGET = 13.5;
				MTL_ENABLE_DEBUG_INFO = INCLUDE_SOURCE;
				MTL_FAST_MATH = YES;
				ONLY_ACTIVE_ARCH = YES;
				SDKROOT = iphoneos;
				SWIFT_ACTIVE_COMPILATION_CONDITIONS = DEBUG;
				SWIFT_OPTIMIZATION_LEVEL = "-Onone";
			};
			name = Debug;
		};
		E68247DB24C3B3E20033273C /* Release */ = {
			isa = XCBuildConfiguration;
			buildSettings = {
				ALWAYS_SEARCH_USER_PATHS = NO;
				CLANG_ANALYZER_NONNULL = YES;
				CLANG_ANALYZER_NUMBER_OBJECT_CONVERSION = YES_AGGRESSIVE;
				CLANG_CXX_LANGUAGE_STANDARD = "gnu++14";
				CLANG_CXX_LIBRARY = "libc++";
				CLANG_ENABLE_MODULES = YES;
				CLANG_ENABLE_OBJC_ARC = YES;
				CLANG_ENABLE_OBJC_WEAK = YES;
				CLANG_WARN_BLOCK_CAPTURE_AUTORELEASING = YES;
				CLANG_WARN_BOOL_CONVERSION = YES;
				CLANG_WARN_COMMA = YES;
				CLANG_WARN_CONSTANT_CONVERSION = YES;
				CLANG_WARN_DEPRECATED_OBJC_IMPLEMENTATIONS = YES;
				CLANG_WARN_DIRECT_OBJC_ISA_USAGE = YES_ERROR;
				CLANG_WARN_DOCUMENTATION_COMMENTS = YES;
				CLANG_WARN_EMPTY_BODY = YES;
				CLANG_WARN_ENUM_CONVERSION = YES;
				CLANG_WARN_INFINITE_RECURSION = YES;
				CLANG_WARN_INT_CONVERSION = YES;
				CLANG_WARN_NON_LITERAL_NULL_CONVERSION = YES;
				CLANG_WARN_OBJC_IMPLICIT_RETAIN_SELF = YES;
				CLANG_WARN_OBJC_LITERAL_CONVERSION = YES;
				CLANG_WARN_OBJC_ROOT_CLASS = YES_ERROR;
				CLANG_WARN_RANGE_LOOP_ANALYSIS = YES;
				CLANG_WARN_STRICT_PROTOTYPES = YES;
				CLANG_WARN_SUSPICIOUS_MOVE = YES;
				CLANG_WARN_UNGUARDED_AVAILABILITY = YES_AGGRESSIVE;
				CLANG_WARN_UNREACHABLE_CODE = YES;
				CLANG_WARN__DUPLICATE_METHOD_MATCH = YES;
				COPY_PHASE_STRIP = NO;
				DEBUG_INFORMATION_FORMAT = "dwarf-with-dsym";
				ENABLE_NS_ASSERTIONS = NO;
				ENABLE_STRICT_OBJC_MSGSEND = YES;
				GCC_C_LANGUAGE_STANDARD = gnu11;
				GCC_NO_COMMON_BLOCKS = YES;
				GCC_WARN_64_TO_32_BIT_CONVERSION = YES;
				GCC_WARN_ABOUT_RETURN_TYPE = YES_ERROR;
				GCC_WARN_UNDECLARED_SELECTOR = YES;
				GCC_WARN_UNINITIALIZED_AUTOS = YES_AGGRESSIVE;
				GCC_WARN_UNUSED_FUNCTION = YES;
				GCC_WARN_UNUSED_VARIABLE = YES;
				IPHONEOS_DEPLOYMENT_TARGET = 13.5;
				MTL_ENABLE_DEBUG_INFO = NO;
				MTL_FAST_MATH = YES;
				SDKROOT = iphoneos;
				SWIFT_COMPILATION_MODE = wholemodule;
				SWIFT_OPTIMIZATION_LEVEL = "-O";
				VALIDATE_PRODUCT = YES;
			};
			name = Release;
		};
		E68247DD24C3B3E20033273C /* Debug */ = {
			isa = XCBuildConfiguration;
			buildSettings = {
				ASSETCATALOG_COMPILER_APPICON_NAME = AppIcon;
				CODE_SIGN_STYLE = Automatic;
				DEVELOPMENT_ASSET_PATHS = "\"Lucid Dreams/Preview Content\"";
				DEVELOPMENT_TEAM = ZNB3TG4R9B;
				ENABLE_PREVIEWS = YES;
				INFOPLIST_FILE = "Lucid Dreams/Info.plist";
				LD_RUNPATH_SEARCH_PATHS = (
					"$(inherited)",
					"@executable_path/Frameworks",
				);
				PRODUCT_BUNDLE_IDENTIFIER = "Santiago-Yeomans.Lucid-Dreams";
				PRODUCT_NAME = "$(TARGET_NAME)";
				SWIFT_VERSION = 5.0;
				TARGETED_DEVICE_FAMILY = "1,2";
			};
			name = Debug;
		};
		E68247DE24C3B3E20033273C /* Release */ = {
			isa = XCBuildConfiguration;
			buildSettings = {
				ASSETCATALOG_COMPILER_APPICON_NAME = AppIcon;
				CODE_SIGN_STYLE = Automatic;
				DEVELOPMENT_ASSET_PATHS = "\"Lucid Dreams/Preview Content\"";
				DEVELOPMENT_TEAM = ZNB3TG4R9B;
				ENABLE_PREVIEWS = YES;
				INFOPLIST_FILE = "Lucid Dreams/Info.plist";
				LD_RUNPATH_SEARCH_PATHS = (
					"$(inherited)",
					"@executable_path/Frameworks",
				);
				PRODUCT_BUNDLE_IDENTIFIER = "Santiago-Yeomans.Lucid-Dreams";
				PRODUCT_NAME = "$(TARGET_NAME)";
				SWIFT_VERSION = 5.0;
				TARGETED_DEVICE_FAMILY = "1,2";
			};
			name = Release;
		};
/* End XCBuildConfiguration section */

/* Begin XCConfigurationList section */
		E68247C324C3B3DE0033273C /* Build configuration list for PBXProject "Lucid Dreams" */ = {
			isa = XCConfigurationList;
			buildConfigurations = (
				E68247DA24C3B3E20033273C /* Debug */,
				E68247DB24C3B3E20033273C /* Release */,
			);
			defaultConfigurationIsVisible = 0;
			defaultConfigurationName = Release;
		};
		E68247DC24C3B3E20033273C /* Build configuration list for PBXNativeTarget "Lucid Dreams" */ = {
			isa = XCConfigurationList;
			buildConfigurations = (
				E68247DD24C3B3E20033273C /* Debug */,
				E68247DE24C3B3E20033273C /* Release */,
			);
			defaultConfigurationIsVisible = 0;
			defaultConfigurationName = Release;
		};
/* End XCConfigurationList section */
	};
	rootObject = E68247C024C3B3DE0033273C /* Project object */;
}
